
Microsoft Visual Studio Solution File, Format Version 12.00
# Visual Studio Version 17
VisualStudioVersion = 17.0.31423.177
MinimumVisualStudioVersion = 10.0.40219.1
Project("{FAE04EC0-301F-11D3-BF4B-00C04F79EFBC}") = "shoestore-listing-aspnetcore", "shoestore-listing-aspnetcore.csproj", "{2FCA9B47-AA93-4857-BC9B-C56E8EE9362A}"
EndProject
Global
	GlobalSection(SolutionConfigurationPlatforms) = preSolution
		Debug|Any CPU = Debug|Any CPU
		Release|Any CPU = Release|Any CPU
	EndGlobalSection
	GlobalSection(ProjectConfigurationPlatforms) = postSolution
		{2FCA9B47-AA93-4857-BC9B-C56E8EE9362A}.Debug|Any CPU.ActiveCfg = Debug|Any CPU
		{2FCA9B47-AA93-4857-BC9B-C56E8EE9362A}.Debug|Any CPU.Build.0 = Debug|Any CPU
		{2FCA9B47-AA93-4857-BC9B-C56E8EE9362A}.Release|Any CPU.ActiveCfg = Release|Any CPU
		{2FCA9B47-AA93-4857-BC9B-C56E8EE9362A}.Release|Any CPU.Build.0 = Release|Any CPU
	EndGlobalSection
	GlobalSection(SolutionProperties) = preSolution
		HideSolutionNode = FALSE
	EndGlobalSection
	GlobalSection(ExtensibilityGlobals) = postSolution
		SolutionGuid = {C57F9500-FB91-431D-B4E7-472D01A6D3DC}
	EndGlobalSection
EndGlobal
